
Microsoft Visual Studio Solution File, Format Version 12.00
# Visual Studio Version 17
VisualStudioVersion = 17.0.31903.59
MinimumVisualStudioVersion = 10.0.40219.1
Project("{2150E333-8FDC-42A3-9474-1A3956D46DE8}") = "src", "src", "{827E0CD3-B72D-47B6-A68D-7590B98EB39B}"
EndProject
Project("{2150E333-8FDC-42A3-9474-1A3956D46DE8}") = "Shared", "Shared", "{C8E42992-5E42-0C2B-DBFE-AA848D06431C}"
EndProject
Project("{FAE04EC0-301F-11D3-BF4B-00C04F79EFBC}") = "QiTuCDR.Shared", "src\Shared\QiTuCDR.Shared.csproj", "{1A40FED1-4FE5-4606-AC53-A393B757CC58}"
EndProject
Project("{FAE04EC0-301F-11D3-BF4B-00C04F79EFBC}") = "QiTuCDR.Bridge", "src\Bridge\QiTuCDR.Bridge.csproj", "{6917A05D-2313-4DC5-B1D8-F9791C8494E0}"
EndProject
Project("{FAE04EC0-301F-11D3-BF4B-00C04F79EFBC}") = "QiTuCDR.Infrastructure", "src\Infrastructure\QiTuCDR.Infrastructure.csproj", "{F9D5DE45-D86A-4009-A646-DED35549C799}"
EndProject
Project("{FAE04EC0-301F-11D3-BF4B-00C04F79EFBC}") = "QiTuCDR.Core", "src\Core\QiTuCDR.Core.csproj", "{7D2943A9-0E11-403B-B4A9-5EAE4A5BB363}"
EndProject
Project("{FAE04EC0-301F-11D3-BF4B-00C04F79EFBC}") = "QiTuCDR.Host", "src\Host\QiTuCDR.Host.csproj", "{A15FDAAF-38DE-4990-BDD6-1A1AEE42FE25}"
EndProject
Project("{2150E333-8FDC-42A3-9474-1A3956D46DE8}") = "tests", "tests", "{0AB3BF05-4346-4AA6-1389-037BE0695223}"
EndProject
Project("{2150E333-8FDC-42A3-9474-1A3956D46DE8}") = "Unit", "Unit", "{9D556B49-86D1-93A7-9596-FFAAB74EC556}"
EndProject
Project("{FAE04EC0-301F-11D3-BF4B-00C04F79EFBC}") = "QiTuCDR.Tests", "tests\Unit\QiTuCDR.Tests\QiTuCDR.Tests.csproj", "{3F74F23A-3DA7-44E1-8CA0-6383D8AD55EE}"
EndProject
Project("{2150E333-8FDC-42A3-9474-1A3956D46DE8}") = "HostHarness", "HostHarness", "{E3363CF7-636F-4DCE-3913-644DCBD9EE02}"
EndProject
Project("{FAE04EC0-301F-11D3-BF4B-00C04F79EFBC}") = "QiTuCDR.HostHarness", "tests\HostHarness\QiTuCDR.HostHarness\QiTuCDR.HostHarness.csproj", "{67ED9074-BC67-4AF3-89B0-3A053E68973B}"
EndProject
Project("{2150E333-8FDC-42A3-9474-1A3956D46DE8}") = "NativePanelPreview", "NativePanelPreview", "{D52AFED4-A9EE-D3AF-E45E-F67B006FFE17}"
EndProject
Project("{FAE04EC0-301F-11D3-BF4B-00C04F79EFBC}") = "QiTuCDR.NativePanelPreview", "tests\NativePanelPreview\QiTuCDR.NativePanelPreview\QiTuCDR.NativePanelPreview.csproj", "{01CCDDE0-2BD9-4E3C-BBB3-B1529130ADD0}"
EndProject
Global
	GlobalSection(SolutionConfigurationPlatforms) = preSolution
		Debug|Any CPU = Debug|Any CPU
		Debug|x64 = Debug|x64
		Debug|x86 = Debug|x86
		Release|Any CPU = Release|Any CPU
		Release|x64 = Release|x64
		Release|x86 = Release|x86
	EndGlobalSection
	GlobalSection(ProjectConfigurationPlatforms) = postSolution
		{1A40FED1-4FE5-4606-AC53-A393B757CC58}.Debug|Any CPU.ActiveCfg = Debug|Any CPU
		{1A40FED1-4FE5-4606-AC53-A393B757CC58}.Debug|Any CPU.Build.0 = Debug|Any CPU
		{1A40FED1-4FE5-4606-AC53-A393B757CC58}.Debug|x64.ActiveCfg = Debug|Any CPU
		{1A40FED1-4FE5-4606-AC53-A393B757CC58}.Debug|x64.Build.0 = Debug|Any CPU
		{1A40FED1-4FE5-4606-AC53-A393B757CC58}.Debug|x86.ActiveCfg = Debug|Any CPU
		{1A40FED1-4FE5-4606-AC53-A393B757CC58}.Debug|x86.Build.0 = Debug|Any CPU
		{1A40FED1-4FE5-4606-AC53-A393B757CC58}.Release|Any CPU.ActiveCfg = Release|Any CPU
		{1A40FED1-4FE5-4606-AC53-A393B757CC58}.Release|Any CPU.Build.0 = Release|Any CPU
		{1A40FED1-4FE5-4606-AC53-A393B757CC58}.Release|x64.ActiveCfg = Release|Any CPU
		{1A40FED1-4FE5-4606-AC53-A393B757CC58}.Release|x64.Build.0 = Release|Any CPU
		{1A40FED1-4FE5-4606-AC53-A393B757CC58}.Release|x86.ActiveCfg = Release|Any CPU
		{1A40FED1-4FE5-4606-AC53-A393B757CC58}.Release|x86.Build.0 = Release|Any CPU
		{6917A05D-2313-4DC5-B1D8-F9791C8494E0}.Debug|Any CPU.ActiveCfg = Debug|Any CPU
		{6917A05D-2313-4DC5-B1D8-F9791C8494E0}.Debug|Any CPU.Build.0 = Debug|Any CPU
		{6917A05D-2313-4DC5-B1D8-F9791C8494E0}.Debug|x64.ActiveCfg = Debug|Any CPU
		{6917A05D-2313-4DC5-B1D8-F9791C8494E0}.Debug|x64.Build.0 = Debug|Any CPU
		{6917A05D-2313-4DC5-B1D8-F9791C8494E0}.Debug|x86.ActiveCfg = Debug|Any CPU
		{6917A05D-2313-4DC5-B1D8-F9791C8494E0}.Debug|x86.Build.0 = Debug|Any CPU
		{6917A05D-2313-4DC5-B1D8-F9791C8494E0}.Release|Any CPU.ActiveCfg = Release|Any CPU
		{6917A05D-2313-4DC5-B1D8-F9791C8494E0}.Release|Any CPU.Build.0 = Release|Any CPU
		{6917A05D-2313-4DC5-B1D8-F9791C8494E0}.Release|x64.ActiveCfg = Release|Any CPU
		{6917A05D-2313-4DC5-B1D8-F9791C8494E0}.Release|x64.Build.0 = Release|Any CPU
		{6917A05D-2313-4DC5-B1D8-F9791C8494E0}.Release|x86.ActiveCfg = Release|Any CPU
		{6917A05D-2313-4DC5-B1D8-F9791C8494E0}.Release|x86.Build.0 = Release|Any CPU
		{F9D5DE45-D86A-4009-A646-DED35549C799}.Debug|Any CPU.ActiveCfg = Debug|Any CPU
		{F9D5DE45-D86A-4009-A646-DED35549C799}.Debug|Any CPU.Build.0 = Debug|Any CPU
		{F9D5DE45-D86A-4009-A646-DED35549C799}.Debug|x64.ActiveCfg = Debug|Any CPU
		{F9D5DE45-D86A-4009-A646-DED35549C799}.Debug|x64.Build.0 = Debug|Any CPU
		{F9D5DE45-D86A-4009-A646-DED35549C799}.Debug|x86.ActiveCfg = Debug|Any CPU
		{F9D5DE45-D86A-4009-A646-DED35549C799}.Debug|x86.Build.0 = Debug|Any CPU
		{F9D5DE45-D86A-4009-A646-DED35549C799}.Release|Any CPU.ActiveCfg = Release|Any CPU
		{F9D5DE45-D86A-4009-A646-DED35549C799}.Release|Any CPU.Build.0 = Release|Any CPU
		{F9D5DE45-D86A-4009-A646-DED35549C799}.Release|x64.ActiveCfg = Release|Any CPU
		{F9D5DE45-D86A-4009-A646-DED35549C799}.Release|x64.Build.0 = Release|Any CPU
		{F9D5DE45-D86A-4009-A646-DED35549C799}.Release|x86.ActiveCfg = Release|Any CPU
		{F9D5DE45-D86A-4009-A646-DED35549C799}.Release|x86.Build.0 = Release|Any CPU
		{7D2943A9-0E11-403B-B4A9-5EAE4A5BB363}.Debug|Any CPU.ActiveCfg = Debug|Any CPU
		{7D2943A9-0E11-403B-B4A9-5EAE4A5BB363}.Debug|Any CPU.Build.0 = Debug|Any CPU
		{7D2943A9-0E11-403B-B4A9-5EAE4A5BB363}.Debug|x64.ActiveCfg = Debug|Any CPU
		{7D2943A9-0E11-403B-B4A9-5EAE4A5BB363}.Debug|x64.Build.0 = Debug|Any CPU
		{7D2943A9-0E11-403B-B4A9-5EAE4A5BB363}.Debug|x86.ActiveCfg = Debug|Any CPU
		{7D2943A9-0E11-403B-B4A9-5EAE4A5BB363}.Debug|x86.Build.0 = Debug|Any CPU
		{7D2943A9-0E11-403B-B4A9-5EAE4A5BB363}.Release|Any CPU.ActiveCfg = Release|Any CPU
		{7D2943A9-0E11-403B-B4A9-5EAE4A5BB363}.Release|Any CPU.Build.0 = Release|Any CPU
		{7D2943A9-0E11-403B-B4A9-5EAE4A5BB363}.Release|x64.ActiveCfg = Release|Any CPU
		{7D2943A9-0E11-403B-B4A9-5EAE4A5BB363}.Release|x64.Build.0 = Release|Any CPU
		{7D2943A9-0E11-403B-B4A9-5EAE4A5BB363}.Release|x86.ActiveCfg = Release|Any CPU
		{7D2943A9-0E11-403B-B4A9-5EAE4A5BB363}.Release|x86.Build.0 = Release|Any CPU
		{A15FDAAF-38DE-4990-BDD6-1A1AEE42FE25}.Debug|Any CPU.ActiveCfg = Debug|Any CPU
		{A15FDAAF-38DE-4990-BDD6-1A1AEE42FE25}.Debug|Any CPU.Build.0 = Debug|Any CPU
		{A15FDAAF-38DE-4990-BDD6-1A1AEE42FE25}.Debug|x64.ActiveCfg = Debug|Any CPU
		{A15FDAAF-38DE-4990-BDD6-1A1AEE42FE25}.Debug|x64.Build.0 = Debug|Any CPU
		{A15FDAAF-38DE-4990-BDD6-1A1AEE42FE25}.Debug|x86.ActiveCfg = Debug|Any CPU
		{A15FDAAF-38DE-4990-BDD6-1A1AEE42FE25}.Debug|x86.Build.0 = Debug|Any CPU
		{A15FDAAF-38DE-4990-BDD6-1A1AEE42FE25}.Release|Any CPU.ActiveCfg = Release|Any CPU
		{A15FDAAF-38DE-4990-BDD6-1A1AEE42FE25}.Release|Any CPU.Build.0 = Release|Any CPU
		{A15FDAAF-38DE-4990-BDD6-1A1AEE42FE25}.Release|x64.ActiveCfg = Release|Any CPU
		{A15FDAAF-38DE-4990-BDD6-1A1AEE42FE25}.Release|x64.Build.0 = Release|Any CPU
		{A15FDAAF-38DE-4990-BDD6-1A1AEE42FE25}.Release|x86.ActiveCfg = Release|Any CPU
		{A15FDAAF-38DE-4990-BDD6-1A1AEE42FE25}.Release|x86.Build.0 = Release|Any CPU
		{3F74F23A-3DA7-44E1-8CA0-6383D8AD55EE}.Debug|Any CPU.ActiveCfg = Debug|Any CPU
		{3F74F23A-3DA7-44E1-8CA0-6383D8AD55EE}.Debug|Any CPU.Build.0 = Debug|Any CPU
		{3F74F23A-3DA7-44E1-8CA0-6383D8AD55EE}.Debug|x64.ActiveCfg = Debug|Any CPU
		{3F74F23A-3DA7-44E1-8CA0-6383D8AD55EE}.Debug|x64.Build.0 = Debug|Any CPU
		{3F74F23A-3DA7-44E1-8CA0-6383D8AD55EE}.Debug|x86.ActiveCfg = Debug|Any CPU
		{3F74F23A-3DA7-44E1-8CA0-6383D8AD55EE}.Debug|x86.Build.0 = Debug|Any CPU
		{3F74F23A-3DA7-44E1-8CA0-6383D8AD55EE}.Release|Any CPU.ActiveCfg = Release|Any CPU
		{3F74F23A-3DA7-44E1-8CA0-6383D8AD55EE}.Release|Any CPU.Build.0 = Release|Any CPU
		{3F74F23A-3DA7-44E1-8CA0-6383D8AD55EE}.Release|x64.ActiveCfg = Release|Any CPU
		{3F74F23A-3DA7-44E1-8CA0-6383D8AD55EE}.Release|x64.Build.0 = Release|Any CPU
		{3F74F23A-3DA7-44E1-8CA0-6383D8AD55EE}.Release|x86.ActiveCfg = Release|Any CPU
		{3F74F23A-3DA7-44E1-8CA0-6383D8AD55EE}.Release|x86.Build.0 = Release|Any CPU
		{67ED9074-BC67-4AF3-89B0-3A053E68973B}.Debug|Any CPU.ActiveCfg = Debug|Any CPU
		{67ED9074-BC67-4AF3-89B0-3A053E68973B}.Debug|Any CPU.Build.0 = Debug|Any CPU
		{67ED9074-BC67-4AF3-89B0-3A053E68973B}.Debug|x64.ActiveCfg = Debug|Any CPU
		{67ED9074-BC67-4AF3-89B0-3A053E68973B}.Debug|x64.Build.0 = Debug|Any CPU
		{67ED9074-BC67-4AF3-89B0-3A053E68973B}.Debug|x86.ActiveCfg = Debug|Any CPU
		{67ED9074-BC67-4AF3-89B0-3A053E68973B}.Debug|x86.Build.0 = Debug|Any CPU
		{67ED9074-BC67-4AF3-89B0-3A053E68973B}.Release|Any CPU.ActiveCfg = Release|Any CPU
		{67ED9074-BC67-4AF3-89B0-3A053E68973B}.Release|Any CPU.Build.0 = Release|Any CPU
		{67ED9074-BC67-4AF3-89B0-3A053E68973B}.Release|x64.ActiveCfg = Release|Any CPU
		{67ED9074-BC67-4AF3-89B0-3A053E68973B}.Release|x64.Build.0 = Release|Any CPU
		{67ED9074-BC67-4AF3-89B0-3A053E68973B}.Release|x86.ActiveCfg = Release|Any CPU
		{67ED9074-BC67-4AF3-89B0-3A053E68973B}.Release|x86.Build.0 = Release|Any CPU
		{01CCDDE0-2BD9-4E3C-BBB3-B1529130ADD0}.Debug|Any CPU.ActiveCfg = Debug|Any CPU
		{01CCDDE0-2BD9-4E3C-BBB3-B1529130ADD0}.Debug|Any CPU.Build.0 = Debug|Any CPU
		{01CCDDE0-2BD9-4E3C-BBB3-B1529130ADD0}.Debug|x64.ActiveCfg = Debug|Any CPU
		{01CCDDE0-2BD9-4E3C-BBB3-B1529130ADD0}.Debug|x64.Build.0 = Debug|Any CPU
		{01CCDDE0-2BD9-4E3C-BBB3-B1529130ADD0}.Debug|x86.ActiveCfg = Debug|Any CPU
		{01CCDDE0-2BD9-4E3C-BBB3-B1529130ADD0}.Debug|x86.Build.0 = Debug|Any CPU
		{01CCDDE0-2BD9-4E3C-BBB3-B1529130ADD0}.Release|Any CPU.ActiveCfg = Release|Any CPU
		{01CCDDE0-2BD9-4E3C-BBB3-B1529130ADD0}.Release|Any CPU.Build.0 = Release|Any CPU
		{01CCDDE0-2BD9-4E3C-BBB3-B1529130ADD0}.Release|x64.ActiveCfg = Release|Any CPU
		{01CCDDE0-2BD9-4E3C-BBB3-B1529130ADD0}.Release|x64.Build.0 = Release|Any CPU
		{01CCDDE0-2BD9-4E3C-BBB3-B1529130ADD0}.Release|x86.ActiveCfg = Release|Any CPU
		{01CCDDE0-2BD9-4E3C-BBB3-B1529130ADD0}.Release|x86.Build.0 = Release|Any CPU
	EndGlobalSection
	GlobalSection(SolutionProperties) = preSolution
		HideSolutionNode = FALSE
	EndGlobalSection
	GlobalSection(NestedProjects) = preSolution
		{C8E42992-5E42-0C2B-DBFE-AA848D06431C} = {827E0CD3-B72D-47B6-A68D-7590B98EB39B}
		{1A40FED1-4FE5-4606-AC53-A393B757CC58} = {C8E42992-5E42-0C2B-DBFE-AA848D06431C}
		{6917A05D-2313-4DC5-B1D8-F9791C8494E0} = {C8E42992-5E42-0C2B-DBFE-AA848D06431C}
		{F9D5DE45-D86A-4009-A646-DED35549C799} = {C8E42992-5E42-0C2B-DBFE-AA848D06431C}
		{7D2943A9-0E11-403B-B4A9-5EAE4A5BB363} = {C8E42992-5E42-0C2B-DBFE-AA848D06431C}
		{A15FDAAF-38DE-4990-BDD6-1A1AEE42FE25} = {C8E42992-5E42-0C2B-DBFE-AA848D06431C}
		{9D556B49-86D1-93A7-9596-FFAAB74EC556} = {0AB3BF05-4346-4AA6-1389-037BE0695223}
		{3F74F23A-3DA7-44E1-8CA0-6383D8AD55EE} = {9D556B49-86D1-93A7-9596-FFAAB74EC556}
		{E3363CF7-636F-4DCE-3913-644DCBD9EE02} = {0AB3BF05-4346-4AA6-1389-037BE0695223}
		{67ED9074-BC67-4AF3-89B0-3A053E68973B} = {E3363CF7-636F-4DCE-3913-644DCBD9EE02}
		{D52AFED4-A9EE-D3AF-E45E-F67B006FFE17} = {0AB3BF05-4346-4AA6-1389-037BE0695223}
		{01CCDDE0-2BD9-4E3C-BBB3-B1529130ADD0} = {D52AFED4-A9EE-D3AF-E45E-F67B006FFE17}
	EndGlobalSection
EndGlobal
